
Microsoft Visual Studio Solution File, Format Version 12.00
# Visual Studio 15
VisualStudioVersion = 15.0.26730.16
MinimumVisualStudioVersion = 10.0.40219.1
Project("{FAE04EC0-301F-11D3-BF4B-00C04F79EFBC}") = "45Example", "45Example\45Example.csproj", "{DBCA46C8-AE9D-4CEA-83CD-407BB6EF1AE0}"
EndProject
Project("{2150E333-8FDC-42A3-9474-1A3956D46DE8}") = ".nuget", ".nuget", "{6643581B-1D40-4D7C-9159-39DA6EDF0D89}"
	ProjectSection(SolutionItems) = preProject
		..\..\NuGet.Config = ..\..\NuGet.Config
	EndProjectSection
EndProject
Global
	GlobalSection(SolutionConfigurationPlatforms) = preSolution
		Debug|Any CPU = Debug|Any CPU
		Release|Any CPU = Release|Any CPU
	EndGlobalSection
	GlobalSection(ProjectConfigurationPlatforms) = postSolution
		{DBCA46C8-AE9D-4CEA-83CD-407BB6EF1AE0}.Debug|Any CPU.ActiveCfg = Debug|Any CPU
		{DBCA46C8-AE9D-4CEA-83CD-407BB6EF1AE0}.Debug|Any CPU.Build.0 = Debug|Any CPU
		{DBCA46C8-AE9D-4CEA-83CD-407BB6EF1AE0}.Release|Any CPU.ActiveCfg = Release|Any CPU
		{DBCA46C8-AE9D-4CEA-83CD-407BB6EF1AE0}.Release|Any CPU.Build.0 = Release|Any CPU
	EndGlobalSection
	GlobalSection(SolutionProperties) = preSolution
		HideSolutionNode = FALSE
	EndGlobalSection
	GlobalSection(ExtensibilityGlobals) = postSolution
		SolutionGuid = {7411ABE0-B9E6-4D51-B4B7-75F0942E9459}
	EndGlobalSection
EndGlobal
