
Microsoft Visual Studio Solution File, Format Version 12.00
# Visual Studio 15
VisualStudioVersion = 15.0.27130.2027
MinimumVisualStudioVersion = 10.0.40219.1
Project("{9A19103F-16F7-4668-BE54-9A1E7A4F7556}") = "CoreExample", "CoreExample\CoreExample.csproj", "{43FE7C4F-A89A-4AF6-B5E7-5F70CA3133D7}"
EndProject
Project("{2150E333-8FDC-42A3-9474-1A3956D46DE8}") = ".nuget", ".nuget", "{499D0ED3-45A6-4580-BE4A-06848133FBC4}"
	ProjectSection(SolutionItems) = preProject
		..\..\NuGet.Config = ..\..\NuGet.Config
	EndProjectSection
EndProject
Global
	GlobalSection(SolutionConfigurationPlatforms) = preSolution
		Debug|Any CPU = Debug|Any CPU
		Release|Any CPU = Release|Any CPU
	EndGlobalSection
	GlobalSection(ProjectConfigurationPlatforms) = postSolution
		{43FE7C4F-A89A-4AF6-B5E7-5F70CA3133D7}.Debug|Any CPU.ActiveCfg = Debug|Any CPU
		{43FE7C4F-A89A-4AF6-B5E7-5F70CA3133D7}.Debug|Any CPU.Build.0 = Debug|Any CPU
		{43FE7C4F-A89A-4AF6-B5E7-5F70CA3133D7}.Release|Any CPU.ActiveCfg = Release|Any CPU
		{43FE7C4F-A89A-4AF6-B5E7-5F70CA3133D7}.Release|Any CPU.Build.0 = Release|Any CPU
	EndGlobalSection
	GlobalSection(SolutionProperties) = preSolution
		HideSolutionNode = FALSE
	EndGlobalSection
	GlobalSection(ExtensibilityGlobals) = postSolution
		SolutionGuid = {98899D48-223E-4C65-8AEF-441CC8071083}
	EndGlobalSection
EndGlobal
