
Microsoft Visual Studio Solution File, Format Version 12.00
# Visual Studio Version 17
VisualStudioVersion = 17.0.32112.339
MinimumVisualStudioVersion = 10.0.40219.1
Project("{9A19103F-16F7-4668-BE54-9A1E7A4F7556}") = "Yoti.Auth", "Yoti.Auth\Yoti.Auth.csproj", "{EF6B57BA-E361-47D5-8A37-5733F038E4FF}"
EndProject
Project("{9A19103F-16F7-4668-BE54-9A1E7A4F7556}") = "Yoti.Auth.Tests", "..\test\Yoti.Auth.Tests\Yoti.Auth.Tests.csproj", "{A518E6F4-B553-4857-97C0-CC547163743B}"
EndProject
Project("{2150E333-8FDC-42A3-9474-1A3956D46DE8}") = "Examples", "Examples", "{F3EB26B1-6385-4A89-A8F9-8BAFFEC581F9}"
EndProject
Project("{9A19103F-16F7-4668-BE54-9A1E7A4F7556}") = "CoreExample", "Examples\Profile\CoreExample\CoreExample.csproj", "{7CD8C3AA-1530-4AB1-9213-F4AC9E028133}"
EndProject
Project("{2150E333-8FDC-42A3-9474-1A3956D46DE8}") = "Profile", "Profile", "{67932B76-FC59-4E96-B1B7-D8C574638897}"
EndProject
Project("{2150E333-8FDC-42A3-9474-1A3956D46DE8}") = "Aml", "Aml", "{C3CAC5F0-C455-4634-A989-7443EBDC09E3}"
EndProject
Project("{9A19103F-16F7-4668-BE54-9A1E7A4F7556}") = "AmlExample", "Examples\Aml\AmlExample\AmlExample.csproj", "{34AC42F8-1D13-4D12-9C77-DB7A42494918}"
EndProject
Project("{9A19103F-16F7-4668-BE54-9A1E7A4F7556}") = "Yoti.Auth.Tests.Common", "..\test\Yoti.Auth.Tests.Common\Yoti.Auth.Tests.Common.csproj", "{5A23ACEE-3A49-49CA-901D-7142F5EF9517}"
EndProject
Project("{2150E333-8FDC-42A3-9474-1A3956D46DE8}") = ".nuget", ".nuget", "{E2F3F858-1EB1-45E8-8158-1773342165EF}"
	ProjectSection(SolutionItems) = preProject
		..\NuGet.Config = ..\NuGet.Config
	EndProjectSection
EndProject
Project("{9A19103F-16F7-4668-BE54-9A1E7A4F7556}") = "DocScanExample", "Examples\DocScan\DocScanExample\DocScanExample.csproj", "{FFA5585A-C7BA-4F34-96F1-8E2312E8758F}"
EndProject
Project("{2150E333-8FDC-42A3-9474-1A3956D46DE8}") = "DocScan", "DocScan", "{106324DB-4181-443F-85BA-6C3D3BD7E8DF}"
EndProject
Project("{FAE04EC0-301F-11D3-BF4B-00C04F79EFBC}") = "DigitalIdentityExample", "Examples\DigitalIdentity\DigitalIdentity\DigitalIdentityExample.csproj", "{B99E0653-39D9-4241-995B-A88FC509F34C}"
EndProject
Global
	GlobalSection(SolutionConfigurationPlatforms) = preSolution
		Debug|Any CPU = Debug|Any CPU
		Release|Any CPU = Release|Any CPU
	EndGlobalSection
	GlobalSection(ProjectConfigurationPlatforms) = postSolution
		{EF6B57BA-E361-47D5-8A37-5733F038E4FF}.Debug|Any CPU.ActiveCfg = Debug|Any CPU
		{EF6B57BA-E361-47D5-8A37-5733F038E4FF}.Debug|Any CPU.Build.0 = Debug|Any CPU
		{EF6B57BA-E361-47D5-8A37-5733F038E4FF}.Release|Any CPU.ActiveCfg = Release|Any CPU
		{EF6B57BA-E361-47D5-8A37-5733F038E4FF}.Release|Any CPU.Build.0 = Release|Any CPU
		{A518E6F4-B553-4857-97C0-CC547163743B}.Debug|Any CPU.ActiveCfg = Debug|Any CPU
		{A518E6F4-B553-4857-97C0-CC547163743B}.Debug|Any CPU.Build.0 = Debug|Any CPU
		{A518E6F4-B553-4857-97C0-CC547163743B}.Release|Any CPU.ActiveCfg = Release|Any CPU
		{A518E6F4-B553-4857-97C0-CC547163743B}.Release|Any CPU.Build.0 = Release|Any CPU
		{7CD8C3AA-1530-4AB1-9213-F4AC9E028133}.Debug|Any CPU.ActiveCfg = Debug|Any CPU
		{7CD8C3AA-1530-4AB1-9213-F4AC9E028133}.Debug|Any CPU.Build.0 = Debug|Any CPU
		{7CD8C3AA-1530-4AB1-9213-F4AC9E028133}.Release|Any CPU.ActiveCfg = Release|Any CPU
		{7CD8C3AA-1530-4AB1-9213-F4AC9E028133}.Release|Any CPU.Build.0 = Release|Any CPU
		{34AC42F8-1D13-4D12-9C77-DB7A42494918}.Debug|Any CPU.ActiveCfg = Debug|Any CPU
		{34AC42F8-1D13-4D12-9C77-DB7A42494918}.Debug|Any CPU.Build.0 = Debug|Any CPU
		{34AC42F8-1D13-4D12-9C77-DB7A42494918}.Release|Any CPU.ActiveCfg = Release|Any CPU
		{34AC42F8-1D13-4D12-9C77-DB7A42494918}.Release|Any CPU.Build.0 = Release|Any CPU
		{5A23ACEE-3A49-49CA-901D-7142F5EF9517}.Debug|Any CPU.ActiveCfg = Debug|Any CPU
		{5A23ACEE-3A49-49CA-901D-7142F5EF9517}.Debug|Any CPU.Build.0 = Debug|Any CPU
		{5A23ACEE-3A49-49CA-901D-7142F5EF9517}.Release|Any CPU.ActiveCfg = Release|Any CPU
		{5A23ACEE-3A49-49CA-901D-7142F5EF9517}.Release|Any CPU.Build.0 = Release|Any CPU
		{FFA5585A-C7BA-4F34-96F1-8E2312E8758F}.Debug|Any CPU.ActiveCfg = Debug|Any CPU
		{FFA5585A-C7BA-4F34-96F1-8E2312E8758F}.Debug|Any CPU.Build.0 = Debug|Any CPU
		{FFA5585A-C7BA-4F34-96F1-8E2312E8758F}.Release|Any CPU.ActiveCfg = Release|Any CPU
		{FFA5585A-C7BA-4F34-96F1-8E2312E8758F}.Release|Any CPU.Build.0 = Release|Any CPU
		{B99E0653-39D9-4241-995B-A88FC509F34C}.Debug|Any CPU.ActiveCfg = Debug|Any CPU
		{B99E0653-39D9-4241-995B-A88FC509F34C}.Debug|Any CPU.Build.0 = Debug|Any CPU
		{B99E0653-39D9-4241-995B-A88FC509F34C}.Release|Any CPU.ActiveCfg = Release|Any CPU
		{B99E0653-39D9-4241-995B-A88FC509F34C}.Release|Any CPU.Build.0 = Release|Any CPU
	EndGlobalSection
	GlobalSection(SolutionProperties) = preSolution
		HideSolutionNode = FALSE
	EndGlobalSection
	GlobalSection(NestedProjects) = preSolution
		{7CD8C3AA-1530-4AB1-9213-F4AC9E028133} = {67932B76-FC59-4E96-B1B7-D8C574638897}
		{67932B76-FC59-4E96-B1B7-D8C574638897} = {F3EB26B1-6385-4A89-A8F9-8BAFFEC581F9}
		{C3CAC5F0-C455-4634-A989-7443EBDC09E3} = {F3EB26B1-6385-4A89-A8F9-8BAFFEC581F9}
		{34AC42F8-1D13-4D12-9C77-DB7A42494918} = {C3CAC5F0-C455-4634-A989-7443EBDC09E3}
		{FFA5585A-C7BA-4F34-96F1-8E2312E8758F} = {106324DB-4181-443F-85BA-6C3D3BD7E8DF}
		{106324DB-4181-443F-85BA-6C3D3BD7E8DF} = {F3EB26B1-6385-4A89-A8F9-8BAFFEC581F9}
		{B99E0653-39D9-4241-995B-A88FC509F34C} = {F3EB26B1-6385-4A89-A8F9-8BAFFEC581F9}
	EndGlobalSection
	GlobalSection(ExtensibilityGlobals) = postSolution
		SolutionGuid = {6A3AE710-68BB-4034-921C-EBAE5186F5DF}
	EndGlobalSection
EndGlobal
