
Microsoft Visual Studio Solution File, Format Version 12.00
# Visual Studio 15
VisualStudioVersion = 15.0.26730.16
MinimumVisualStudioVersion = 10.0.40219.1
Project("{9A19103F-16F7-4668-BE54-9A1E7A4F7556}") = "Yoti.Auth", "Yoti.Auth\Yoti.Auth.csproj", "{FD86A254-0965-4748-9D10-782EEEA23D07}"
EndProject
Project("{9A19103F-16F7-4668-BE54-9A1E7A4F7556}") = "Yoti.Auth.Tests", "..\test\Yoti.Auth.Tests\Yoti.Auth.Tests.csproj", "{A518E6F4-B553-4857-97C0-CC547163743B}"
EndProject
Project("{2150E333-8FDC-42A3-9474-1A3956D46DE8}") = ".nuget", ".nuget", "{71A13BA3-9E5B-4A2E-BD90-274C7894453A}"
	ProjectSection(SolutionItems) = preProject
		..\NuGet.Config = ..\NuGet.Config
	EndProjectSection
EndProject
Project("{2150E333-8FDC-42A3-9474-1A3956D46DE8}") = "Examples", "Examples", "{F3EB26B1-6385-4A89-A8F9-8BAFFEC581F9}"
EndProject
Project("{FAE04EC0-301F-11D3-BF4B-00C04F79EFBC}") = "45Example", "Examples\45Example\45Example.csproj", "{DBCA46C8-AE9D-4CEA-83CD-407BB6EF1AE0}"
EndProject
Project("{9A19103F-16F7-4668-BE54-9A1E7A4F7556}") = "CoreExample", "Examples\CoreExample\CoreExample.csproj", "{7CD8C3AA-1530-4AB1-9213-F4AC9E028133}"
EndProject
Global
	GlobalSection(SolutionConfigurationPlatforms) = preSolution
		Debug|Any CPU = Debug|Any CPU
		Release|Any CPU = Release|Any CPU
	EndGlobalSection
	GlobalSection(ProjectConfigurationPlatforms) = postSolution
		{FD86A254-0965-4748-9D10-782EEEA23D07}.Debug|Any CPU.ActiveCfg = Debug|Any CPU
		{FD86A254-0965-4748-9D10-782EEEA23D07}.Debug|Any CPU.Build.0 = Debug|Any CPU
		{FD86A254-0965-4748-9D10-782EEEA23D07}.Release|Any CPU.ActiveCfg = Release|Any CPU
		{FD86A254-0965-4748-9D10-782EEEA23D07}.Release|Any CPU.Build.0 = Release|Any CPU
		{A518E6F4-B553-4857-97C0-CC547163743B}.Debug|Any CPU.ActiveCfg = Debug|Any CPU
		{A518E6F4-B553-4857-97C0-CC547163743B}.Debug|Any CPU.Build.0 = Debug|Any CPU
		{A518E6F4-B553-4857-97C0-CC547163743B}.Release|Any CPU.ActiveCfg = Release|Any CPU
		{A518E6F4-B553-4857-97C0-CC547163743B}.Release|Any CPU.Build.0 = Release|Any CPU
		{DBCA46C8-AE9D-4CEA-83CD-407BB6EF1AE0}.Debug|Any CPU.ActiveCfg = Debug|Any CPU
		{DBCA46C8-AE9D-4CEA-83CD-407BB6EF1AE0}.Debug|Any CPU.Build.0 = Debug|Any CPU
		{DBCA46C8-AE9D-4CEA-83CD-407BB6EF1AE0}.Release|Any CPU.ActiveCfg = Release|Any CPU
		{DBCA46C8-AE9D-4CEA-83CD-407BB6EF1AE0}.Release|Any CPU.Build.0 = Release|Any CPU
		{7CD8C3AA-1530-4AB1-9213-F4AC9E028133}.Debug|Any CPU.ActiveCfg = Debug|Any CPU
		{7CD8C3AA-1530-4AB1-9213-F4AC9E028133}.Debug|Any CPU.Build.0 = Debug|Any CPU
		{7CD8C3AA-1530-4AB1-9213-F4AC9E028133}.Release|Any CPU.ActiveCfg = Release|Any CPU
		{7CD8C3AA-1530-4AB1-9213-F4AC9E028133}.Release|Any CPU.Build.0 = Release|Any CPU
	EndGlobalSection
	GlobalSection(SolutionProperties) = preSolution
		HideSolutionNode = FALSE
	EndGlobalSection
	GlobalSection(NestedProjects) = preSolution
		{DBCA46C8-AE9D-4CEA-83CD-407BB6EF1AE0} = {F3EB26B1-6385-4A89-A8F9-8BAFFEC581F9}
		{7CD8C3AA-1530-4AB1-9213-F4AC9E028133} = {F3EB26B1-6385-4A89-A8F9-8BAFFEC581F9}
	EndGlobalSection
	GlobalSection(ExtensibilityGlobals) = postSolution
		SolutionGuid = {6A3AE710-68BB-4034-921C-EBAE5186F5DF}
	EndGlobalSection
EndGlobal
